// !$*UTF8*$!
{
	archiveVersion = 1;
	classes = {
	};
	objectVersion = 55;
	objects = {

/* Begin PBXBuildFile section */
		320CBF64270F55FB00B6D9D5 /* App06_TODO_FirebaseApp.swift in Sources */ = {isa = PBXBuildFile; fileRef = 320CBF63270F55FB00B6D9D5 /* App06_TODO_FirebaseApp.swift */; };
		320CBF66270F55FB00B6D9D5 /* TaskListView.swift in Sources */ = {isa = PBXBuildFile; fileRef = 320CBF65270F55FB00B6D9D5 /* TaskListView.swift */; };
		320CBF68270F55FD00B6D9D5 /* Assets.xcassets in Resources */ = {isa = PBXBuildFile; fileRef = 320CBF67270F55FD00B6D9D5 /* Assets.xcassets */; };
		320CBF6B270F55FD00B6D9D5 /* Preview Assets.xcassets in Resources */ = {isa = PBXBuildFile; fileRef = 320CBF6A270F55FD00B6D9D5 /* Preview Assets.xcassets */; };
		320CBF72270F56D700B6D9D5 /* GoogleService-Info.plist in Resources */ = {isa = PBXBuildFile; fileRef = 320CBF71270F56D700B6D9D5 /* GoogleService-Info.plist */; };
		320CBF75270F587E00B6D9D5 /* FirebaseAuth in Frameworks */ = {isa = PBXBuildFile; productRef = 320CBF74270F587E00B6D9D5 /* FirebaseAuth */; };
		320CBF77270F587E00B6D9D5 /* FirebaseDatabase in Frameworks */ = {isa = PBXBuildFile; productRef = 320CBF76270F587E00B6D9D5 /* FirebaseDatabase */; };
		320CBF79270F587E00B6D9D5 /* FirebaseDatabaseSwift-Beta in Frameworks */ = {isa = PBXBuildFile; productRef = 320CBF78270F587E00B6D9D5 /* FirebaseDatabaseSwift-Beta */; };
		320CBF7B270F587E00B6D9D5 /* FirebaseFirestore in Frameworks */ = {isa = PBXBuildFile; productRef = 320CBF7A270F587E00B6D9D5 /* FirebaseFirestore */; };
		320CBF7D270F587E00B6D9D5 /* FirebaseFirestoreSwift-Beta in Frameworks */ = {isa = PBXBuildFile; productRef = 320CBF7C270F587E00B6D9D5 /* FirebaseFirestoreSwift-Beta */; };
		320CBF80270F5C2F00B6D9D5 /* Task.swift in Sources */ = {isa = PBXBuildFile; fileRef = 320CBF7F270F5C2F00B6D9D5 /* Task.swift */; };
		320CBF82270F5D9C00B6D9D5 /* TaskModel.swift in Sources */ = {isa = PBXBuildFile; fileRef = 320CBF81270F5D9C00B6D9D5 /* TaskModel.swift */; };
		320CBF84270F6DDB00B6D9D5 /* TaskDetailView.swift in Sources */ = {isa = PBXBuildFile; fileRef = 320CBF83270F6DDB00B6D9D5 /* TaskDetailView.swift */; };
		320CBF86271489F200B6D9D5 /* Category.swift in Sources */ = {isa = PBXBuildFile; fileRef = 320CBF85271489F200B6D9D5 /* Category.swift */; };
		320CBF8827148ABA00B6D9D5 /* Priority.swift in Sources */ = {isa = PBXBuildFile; fileRef = 320CBF8727148ABA00B6D9D5 /* Priority.swift */; };
		320CBF8A271491A700B6D9D5 /* CategoryView.swift in Sources */ = {isa = PBXBuildFile; fileRef = 320CBF89271491A700B6D9D5 /* CategoryView.swift */; };
		320CBF8C2714A1D300B6D9D5 /* PriorityView.swift in Sources */ = {isa = PBXBuildFile; fileRef = 320CBF8B2714A1D300B6D9D5 /* PriorityView.swift */; };
		320CBF8E2714A76800B6D9D5 /* Date.swift in Sources */ = {isa = PBXBuildFile; fileRef = 320CBF8D2714A76800B6D9D5 /* Date.swift */; };
		320CBF902714AA7A00B6D9D5 /* Enums.swift in Sources */ = {isa = PBXBuildFile; fileRef = 320CBF8F2714AA7A00B6D9D5 /* Enums.swift */; };
/* End PBXBuildFile section */

/* Begin PBXFileReference section */
		320CBF60270F55FB00B6D9D5 /* App06-TODO-Firebase.app */ = {isa = PBXFileReference; explicitFileType = wrapper.application; includeInIndex = 0; path = "App06-TODO-Firebase.app"; sourceTree = BUILT_PRODUCTS_DIR; };
		320CBF63270F55FB00B6D9D5 /* App06_TODO_FirebaseApp.swift */ = {isa = PBXFileReference; lastKnownFileType = sourcecode.swift; path = App06_TODO_FirebaseApp.swift; sourceTree = "<group>"; };
		320CBF65270F55FB00B6D9D5 /* TaskListView.swift */ = {isa = PBXFileReference; lastKnownFileType = sourcecode.swift; path = TaskListView.swift; sourceTree = "<group>"; };
		320CBF67270F55FD00B6D9D5 /* Assets.xcassets */ = {isa = PBXFileReference; lastKnownFileType = folder.assetcatalog; path = Assets.xcassets; sourceTree = "<group>"; };
		320CBF6A270F55FD00B6D9D5 /* Preview Assets.xcassets */ = {isa = PBXFileReference; lastKnownFileType = folder.assetcatalog; path = "Preview Assets.xcassets"; sourceTree = "<group>"; };
		320CBF71270F56D700B6D9D5 /* GoogleService-Info.plist */ = {isa = PBXFileReference; fileEncoding = 4; lastKnownFileType = text.plist.xml; path = "GoogleService-Info.plist"; sourceTree = "<group>"; };
		320CBF7F270F5C2F00B6D9D5 /* Task.swift */ = {isa = PBXFileReference; lastKnownFileType = sourcecode.swift; path = Task.swift; sourceTree = "<group>"; };
		320CBF81270F5D9C00B6D9D5 /* TaskModel.swift */ = {isa = PBXFileReference; lastKnownFileType = sourcecode.swift; path = TaskModel.swift; sourceTree = "<group>"; };
		320CBF83270F6DDB00B6D9D5 /* TaskDetailView.swift */ = {isa = PBXFileReference; lastKnownFileType = sourcecode.swift; path = TaskDetailView.swift; sourceTree = "<group>"; };
		320CBF85271489F200B6D9D5 /* Category.swift */ = {isa = PBXFileReference; lastKnownFileType = sourcecode.swift; path = Category.swift; sourceTree = "<group>"; };
		320CBF8727148ABA00B6D9D5 /* Priority.swift */ = {isa = PBXFileReference; lastKnownFileType = sourcecode.swift; path = Priority.swift; sourceTree = "<group>"; };
		320CBF89271491A700B6D9D5 /* CategoryView.swift */ = {isa = PBXFileReference; lastKnownFileType = sourcecode.swift; path = CategoryView.swift; sourceTree = "<group>"; };
		320CBF8B2714A1D300B6D9D5 /* PriorityView.swift */ = {isa = PBXFileReference; lastKnownFileType = sourcecode.swift; path = PriorityView.swift; sourceTree = "<group>"; };
		320CBF8D2714A76800B6D9D5 /* Date.swift */ = {isa = PBXFileReference; lastKnownFileType = sourcecode.swift; path = Date.swift; sourceTree = "<group>"; };
		320CBF8F2714AA7A00B6D9D5 /* Enums.swift */ = {isa = PBXFileReference; lastKnownFileType = sourcecode.swift; path = Enums.swift; sourceTree = "<group>"; };
/* End PBXFileReference section */

/* Begin PBXFrameworksBuildPhase section */
		320CBF5D270F55FB00B6D9D5 /* Frameworks */ = {
			isa = PBXFrameworksBuildPhase;
			buildActionMask = 2147483647;
			files = (
				320CBF79270F587E00B6D9D5 /* FirebaseDatabaseSwift-Beta in Frameworks */,
				320CBF7B270F587E00B6D9D5 /* FirebaseFirestore in Frameworks */,
				320CBF7D270F587E00B6D9D5 /* FirebaseFirestoreSwift-Beta in Frameworks */,
				320CBF77270F587E00B6D9D5 /* FirebaseDatabase in Frameworks */,
				320CBF75270F587E00B6D9D5 /* FirebaseAuth in Frameworks */,
			);
			runOnlyForDeploymentPostprocessing = 0;
		};
/* End PBXFrameworksBuildPhase section */

/* Begin PBXGroup section */
		320CBF57270F55FB00B6D9D5 = {
			isa = PBXGroup;
			children = (
				320CBF62270F55FB00B6D9D5 /* App06-TODO-Firebase */,
				320CBF61270F55FB00B6D9D5 /* Products */,
			);
			sourceTree = "<group>";
		};
		320CBF61270F55FB00B6D9D5 /* Products */ = {
			isa = PBXGroup;
			children = (
				320CBF60270F55FB00B6D9D5 /* App06-TODO-Firebase.app */,
			);
			name = Products;
			sourceTree = "<group>";
		};
		320CBF62270F55FB00B6D9D5 /* App06-TODO-Firebase */ = {
			isa = PBXGroup;
			children = (
				320CBF7E270F5C0200B6D9D5 /* Models */,
				320CBF63270F55FB00B6D9D5 /* App06_TODO_FirebaseApp.swift */,
				320CBF65270F55FB00B6D9D5 /* TaskListView.swift */,
				320CBF8F2714AA7A00B6D9D5 /* Enums.swift */,
				320CBF83270F6DDB00B6D9D5 /* TaskDetailView.swift */,
				320CBF8D2714A76800B6D9D5 /* Date.swift */,
				320CBF89271491A700B6D9D5 /* CategoryView.swift */,
				320CBF8B2714A1D300B6D9D5 /* PriorityView.swift */,
				320CBF67270F55FD00B6D9D5 /* Assets.xcassets */,
				320CBF71270F56D700B6D9D5 /* GoogleService-Info.plist */,
				320CBF69270F55FD00B6D9D5 /* Preview Content */,
			);
			path = "App06-TODO-Firebase";
			sourceTree = "<group>";
		};
		320CBF69270F55FD00B6D9D5 /* Preview Content */ = {
			isa = PBXGroup;
			children = (
				320CBF6A270F55FD00B6D9D5 /* Preview Assets.xcassets */,
			);
			path = "Preview Content";
			sourceTree = "<group>";
		};
		320CBF7E270F5C0200B6D9D5 /* Models */ = {
			isa = PBXGroup;
			children = (
				320CBF7F270F5C2F00B6D9D5 /* Task.swift */,
				320CBF81270F5D9C00B6D9D5 /* TaskModel.swift */,
				320CBF85271489F200B6D9D5 /* Category.swift */,
				320CBF8727148ABA00B6D9D5 /* Priority.swift */,
			);
			path = Models;
			sourceTree = "<group>";
		};
/* End PBXGroup section */

/* Begin PBXNativeTarget section */
		320CBF5F270F55FB00B6D9D5 /* App06-TODO-Firebase */ = {
			isa = PBXNativeTarget;
			buildConfigurationList = 320CBF6E270F55FD00B6D9D5 /* Build configuration list for PBXNativeTarget "App06-TODO-Firebase" */;
			buildPhases = (
				320CBF5C270F55FB00B6D9D5 /* Sources */,
				320CBF5D270F55FB00B6D9D5 /* Frameworks */,
				320CBF5E270F55FB00B6D9D5 /* Resources */,
			);
			buildRules = (
			);
			dependencies = (
			);
			name = "App06-TODO-Firebase";
			packageProductDependencies = (
				320CBF74270F587E00B6D9D5 /* FirebaseAuth */,
				320CBF76270F587E00B6D9D5 /* FirebaseDatabase */,
				320CBF78270F587E00B6D9D5 /* FirebaseDatabaseSwift-Beta */,
				320CBF7A270F587E00B6D9D5 /* FirebaseFirestore */,
				320CBF7C270F587E00B6D9D5 /* FirebaseFirestoreSwift-Beta */,
			);
			productName = "App06-TODO-Firebase";
			productReference = 320CBF60270F55FB00B6D9D5 /* App06-TODO-Firebase.app */;
			productType = "com.apple.product-type.application";
		};
/* End PBXNativeTarget section */

/* Begin PBXProject section */
		320CBF58270F55FB00B6D9D5 /* Project object */ = {
			isa = PBXProject;
			attributes = {
				BuildIndependentTargetsInParallel = 1;
				LastSwiftUpdateCheck = 1300;
				LastUpgradeCheck = 1300;
				TargetAttributes = {
					320CBF5F270F55FB00B6D9D5 = {
						CreatedOnToolsVersion = 13.0;
					};
				};
			};
			buildConfigurationList = 320CBF5B270F55FB00B6D9D5 /* Build configuration list for PBXProject "App06-TODO-Firebase" */;
			compatibilityVersion = "Xcode 13.0";
			developmentRegion = en;
			hasScannedForEncodings = 0;
			knownRegions = (
				en,
				Base,
			);
			mainGroup = 320CBF57270F55FB00B6D9D5;
			packageReferences = (
				320CBF73270F587E00B6D9D5 /* XCRemoteSwiftPackageReference "firebase-ios-sdk" */,
			);
			productRefGroup = 320CBF61270F55FB00B6D9D5 /* Products */;
			projectDirPath = "";
			projectRoot = "";
			targets = (
				320CBF5F270F55FB00B6D9D5 /* App06-TODO-Firebase */,
			);
		};
/* End PBXProject section */

/* Begin PBXResourcesBuildPhase section */
		320CBF5E270F55FB00B6D9D5 /* Resources */ = {
			isa = PBXResourcesBuildPhase;
			buildActionMask = 2147483647;
			files = (
				320CBF6B270F55FD00B6D9D5 /* Preview Assets.xcassets in Resources */,
				320CBF68270F55FD00B6D9D5 /* Assets.xcassets in Resources */,
				320CBF72270F56D700B6D9D5 /* GoogleService-Info.plist in Resources */,
			);
			runOnlyForDeploymentPostprocessing = 0;
		};
/* End PBXResourcesBuildPhase section */

/* Begin PBXSourcesBuildPhase section */
		320CBF5C270F55FB00B6D9D5 /* Sources */ = {
			isa = PBXSourcesBuildPhase;
			buildActionMask = 2147483647;
			files = (
				320CBF66270F55FB00B6D9D5 /* TaskListView.swift in Sources */,
				320CBF8E2714A76800B6D9D5 /* Date.swift in Sources */,
				320CBF80270F5C2F00B6D9D5 /* Task.swift in Sources */,
				320CBF8C2714A1D300B6D9D5 /* PriorityView.swift in Sources */,
				320CBF8827148ABA00B6D9D5 /* Priority.swift in Sources */,
				320CBF82270F5D9C00B6D9D5 /* TaskModel.swift in Sources */,
				320CBF64270F55FB00B6D9D5 /* App06_TODO_FirebaseApp.swift in Sources */,
				320CBF84270F6DDB00B6D9D5 /* TaskDetailView.swift in Sources */,
				320CBF8A271491A700B6D9D5 /* CategoryView.swift in Sources */,
				320CBF86271489F200B6D9D5 /* Category.swift in Sources */,
				320CBF902714AA7A00B6D9D5 /* Enums.swift in Sources */,
			);
			runOnlyForDeploymentPostprocessing = 0;
		};
/* End PBXSourcesBuildPhase section */

/* Begin XCBuildConfiguration section */
		320CBF6C270F55FD00B6D9D5 /* Debug */ = {
			isa = XCBuildConfiguration;
			buildSettings = {
				ALWAYS_SEARCH_USER_PATHS = NO;
				CLANG_ANALYZER_NONNULL = YES;
				CLANG_ANALYZER_NUMBER_OBJECT_CONVERSION = YES_AGGRESSIVE;
				CLANG_CXX_LANGUAGE_STANDARD = "gnu++17";
				CLANG_CXX_LIBRARY = "libc++";
				CLANG_ENABLE_MODULES = YES;
				CLANG_ENABLE_OBJC_ARC = YES;
				CLANG_ENABLE_OBJC_WEAK = YES;
				CLANG_WARN_BLOCK_CAPTURE_AUTORELEASING = YES;
				CLANG_WARN_BOOL_CONVERSION = YES;
				CLANG_WARN_COMMA = YES;
				CLANG_WARN_CONSTANT_CONVERSION = YES;
				CLANG_WARN_DEPRECATED_OBJC_IMPLEMENTATIONS = YES;
				CLANG_WARN_DIRECT_OBJC_ISA_USAGE = YES_ERROR;
				CLANG_WARN_DOCUMENTATION_COMMENTS = YES;
				CLANG_WARN_EMPTY_BODY = YES;
				CLANG_WARN_ENUM_CONVERSION = YES;
				CLANG_WARN_INFINITE_RECURSION = YES;
				CLANG_WARN_INT_CONVERSION = YES;
				CLANG_WARN_NON_LITERAL_NULL_CONVERSION = YES;
				CLANG_WARN_OBJC_IMPLICIT_RETAIN_SELF = YES;
				CLANG_WARN_OBJC_LITERAL_CONVERSION = YES;
				CLANG_WARN_OBJC_ROOT_CLASS = YES_ERROR;
				CLANG_WARN_QUOTED_INCLUDE_IN_FRAMEWORK_HEADER = YES;
				CLANG_WARN_RANGE_LOOP_ANALYSIS = YES;
				CLANG_WARN_STRICT_PROTOTYPES = YES;
				CLANG_WARN_SUSPICIOUS_MOVE = YES;
				CLANG_WARN_UNGUARDED_AVAILABILITY = YES_AGGRESSIVE;
				CLANG_WARN_UNREACHABLE_CODE = YES;
				CLANG_WARN__DUPLICATE_METHOD_MATCH = YES;
				COPY_PHASE_STRIP = NO;
				DEBUG_INFORMATION_FORMAT = dwarf;
				ENABLE_STRICT_OBJC_MSGSEND = YES;
				ENABLE_TESTABILITY = YES;
				GCC_C_LANGUAGE_STANDARD = gnu11;
				GCC_DYNAMIC_NO_PIC = NO;
				GCC_NO_COMMON_BLOCKS = YES;
				GCC_OPTIMIZATION_LEVEL = 0;
				GCC_PREPROCESSOR_DEFINITIONS = (
					"DEBUG=1",
					"$(inherited)",
				);
				GCC_WARN_64_TO_32_BIT_CONVERSION = YES;
				GCC_WARN_ABOUT_RETURN_TYPE = YES_ERROR;
				GCC_WARN_UNDECLARED_SELECTOR = YES;
				GCC_WARN_UNINITIALIZED_AUTOS = YES_AGGRESSIVE;
				GCC_WARN_UNUSED_FUNCTION = YES;
				GCC_WARN_UNUSED_VARIABLE = YES;
				IPHONEOS_DEPLOYMENT_TARGET = 15.0;
				MTL_ENABLE_DEBUG_INFO = INCLUDE_SOURCE;
				MTL_FAST_MATH = YES;
				ONLY_ACTIVE_ARCH = YES;
				SDKROOT = iphoneos;
				SWIFT_ACTIVE_COMPILATION_CONDITIONS = DEBUG;
				SWIFT_OPTIMIZATION_LEVEL = "-Onone";
			};
			name = Debug;
		};
		320CBF6D270F55FD00B6D9D5 /* Release */ = {
			isa = XCBuildConfiguration;
			buildSettings = {
				ALWAYS_SEARCH_USER_PATHS = NO;
				CLANG_ANALYZER_NONNULL = YES;
				CLANG_ANALYZER_NUMBER_OBJECT_CONVERSION = YES_AGGRESSIVE;
				CLANG_CXX_LANGUAGE_STANDARD = "gnu++17";
				CLANG_CXX_LIBRARY = "libc++";
				CLANG_ENABLE_MODULES = YES;
				CLANG_ENABLE_OBJC_ARC = YES;
				CLANG_ENABLE_OBJC_WEAK = YES;
				CLANG_WARN_BLOCK_CAPTURE_AUTORELEASING = YES;
				CLANG_WARN_BOOL_CONVERSION = YES;
				CLANG_WARN_COMMA = YES;
				CLANG_WARN_CONSTANT_CONVERSION = YES;
				CLANG_WARN_DEPRECATED_OBJC_IMPLEMENTATIONS = YES;
				CLANG_WARN_DIRECT_OBJC_ISA_USAGE = YES_ERROR;
				CLANG_WARN_DOCUMENTATION_COMMENTS = YES;
				CLANG_WARN_EMPTY_BODY = YES;
				CLANG_WARN_ENUM_CONVERSION = YES;
				CLANG_WARN_INFINITE_RECURSION = YES;
				CLANG_WARN_INT_CONVERSION = YES;
				CLANG_WARN_NON_LITERAL_NULL_CONVERSION = YES;
				CLANG_WARN_OBJC_IMPLICIT_RETAIN_SELF = YES;
				CLANG_WARN_OBJC_LITERAL_CONVERSION = YES;
				CLANG_WARN_OBJC_ROOT_CLASS = YES_ERROR;
				CLANG_WARN_QUOTED_INCLUDE_IN_FRAMEWORK_HEADER = YES;
				CLANG_WARN_RANGE_LOOP_ANALYSIS = YES;
				CLANG_WARN_STRICT_PROTOTYPES = YES;
				CLANG_WARN_SUSPICIOUS_MOVE = YES;
				CLANG_WARN_UNGUARDED_AVAILABILITY = YES_AGGRESSIVE;
				CLANG_WARN_UNREACHABLE_CODE = YES;
				CLANG_WARN__DUPLICATE_METHOD_MATCH = YES;
				COPY_PHASE_STRIP = NO;
				DEBUG_INFORMATION_FORMAT = "dwarf-with-dsym";
				ENABLE_NS_ASSERTIONS = NO;
				ENABLE_STRICT_OBJC_MSGSEND = YES;
				GCC_C_LANGUAGE_STANDARD = gnu11;
				GCC_NO_COMMON_BLOCKS = YES;
				GCC_WARN_64_TO_32_BIT_CONVERSION = YES;
				GCC_WARN_ABOUT_RETURN_TYPE = YES_ERROR;
				GCC_WARN_UNDECLARED_SELECTOR = YES;
				GCC_WARN_UNINITIALIZED_AUTOS = YES_AGGRESSIVE;
				GCC_WARN_UNUSED_FUNCTION = YES;
				GCC_WARN_UNUSED_VARIABLE = YES;
				IPHONEOS_DEPLOYMENT_TARGET = 15.0;
				MTL_ENABLE_DEBUG_INFO = NO;
				MTL_FAST_MATH = YES;
				SDKROOT = iphoneos;
				SWIFT_COMPILATION_MODE = wholemodule;
				SWIFT_OPTIMIZATION_LEVEL = "-O";
				VALIDATE_PRODUCT = YES;
			};
			name = Release;
		};
		320CBF6F270F55FD00B6D9D5 /* Debug */ = {
			isa = XCBuildConfiguration;
			buildSettings = {
				ASSETCATALOG_COMPILER_APPICON_NAME = AppIcon;
				ASSETCATALOG_COMPILER_GLOBAL_ACCENT_COLOR_NAME = AccentColor;
				CODE_SIGN_STYLE = Automatic;
				CURRENT_PROJECT_VERSION = 1;
				DEVELOPMENT_ASSET_PATHS = "\"App06-TODO-Firebase/Preview Content\"";
				DEVELOPMENT_TEAM = J97L2A8AMM;
				ENABLE_PREVIEWS = YES;
				GENERATE_INFOPLIST_FILE = YES;
				INFOPLIST_KEY_UIApplicationSceneManifest_Generation = YES;
				INFOPLIST_KEY_UIApplicationSupportsIndirectInputEvents = YES;
				INFOPLIST_KEY_UILaunchScreen_Generation = YES;
				INFOPLIST_KEY_UISupportedInterfaceOrientations_iPad = "UIInterfaceOrientationPortrait UIInterfaceOrientationPortraitUpsideDown UIInterfaceOrientationLandscapeLeft UIInterfaceOrientationLandscapeRight";
				INFOPLIST_KEY_UISupportedInterfaceOrientations_iPhone = "UIInterfaceOrientationPortrait UIInterfaceOrientationLandscapeLeft UIInterfaceOrientationLandscapeRight";
				IPHONEOS_DEPLOYMENT_TARGET = 14.0;
				LD_RUNPATH_SEARCH_PATHS = (
					"$(inherited)",
					"@executable_path/Frameworks",
				);
				MARKETING_VERSION = 1.0;
				PRODUCT_BUNDLE_IDENTIFIER = "A00189239.App06-TODO-Firebase";
				PRODUCT_NAME = "$(TARGET_NAME)";
				SWIFT_EMIT_LOC_STRINGS = YES;
				SWIFT_VERSION = 5.0;
				TARGETED_DEVICE_FAMILY = "1,2";
			};
			name = Debug;
		};
		320CBF70270F55FD00B6D9D5 /* Release */ = {
			isa = XCBuildConfiguration;
			buildSettings = {
				ASSETCATALOG_COMPILER_APPICON_NAME = AppIcon;
				ASSETCATALOG_COMPILER_GLOBAL_ACCENT_COLOR_NAME = AccentColor;
				CODE_SIGN_STYLE = Automatic;
				CURRENT_PROJECT_VERSION = 1;
				DEVELOPMENT_ASSET_PATHS = "\"App06-TODO-Firebase/Preview Content\"";
				DEVELOPMENT_TEAM = J97L2A8AMM;
				ENABLE_PREVIEWS = YES;
				GENERATE_INFOPLIST_FILE = YES;
				INFOPLIST_KEY_UIApplicationSceneManifest_Generation = YES;
				INFOPLIST_KEY_UIApplicationSupportsIndirectInputEvents = YES;
				INFOPLIST_KEY_UILaunchScreen_Generation = YES;
				INFOPLIST_KEY_UISupportedInterfaceOrientations_iPad = "UIInterfaceOrientationPortrait UIInterfaceOrientationPortraitUpsideDown UIInterfaceOrientationLandscapeLeft UIInterfaceOrientationLandscapeRight";
				INFOPLIST_KEY_UISupportedInterfaceOrientations_iPhone = "UIInterfaceOrientationPortrait UIInterfaceOrientationLandscapeLeft UIInterfaceOrientationLandscapeRight";
				IPHONEOS_DEPLOYMENT_TARGET = 14.0;
				LD_RUNPATH_SEARCH_PATHS = (
					"$(inherited)",
					"@executable_path/Frameworks",
				);
				MARKETING_VERSION = 1.0;
				PRODUCT_BUNDLE_IDENTIFIER = "A00189239.App06-TODO-Firebase";
				PRODUCT_NAME = "$(TARGET_NAME)";
				SWIFT_EMIT_LOC_STRINGS = YES;
				SWIFT_VERSION = 5.0;
				TARGETED_DEVICE_FAMILY = "1,2";
			};
			name = Release;
		};
/* End XCBuildConfiguration section */

/* Begin XCConfigurationList section */
		320CBF5B270F55FB00B6D9D5 /* Build configuration list for PBXProject "App06-TODO-Firebase" */ = {
			isa = XCConfigurationList;
			buildConfigurations = (
				320CBF6C270F55FD00B6D9D5 /* Debug */,
				320CBF6D270F55FD00B6D9D5 /* Release */,
			);
			defaultConfigurationIsVisible = 0;
			defaultConfigurationName = Release;
		};
		320CBF6E270F55FD00B6D9D5 /* Build configuration list for PBXNativeTarget "App06-TODO-Firebase" */ = {
			isa = XCConfigurationList;
			buildConfigurations = (
				320CBF6F270F55FD00B6D9D5 /* Debug */,
				320CBF70270F55FD00B6D9D5 /* Release */,
			);
			defaultConfigurationIsVisible = 0;
			defaultConfigurationName = Release;
		};
/* End XCConfigurationList section */

/* Begin XCRemoteSwiftPackageReference section */
		320CBF73270F587E00B6D9D5 /* XCRemoteSwiftPackageReference "firebase-ios-sdk" */ = {
			isa = XCRemoteSwiftPackageReference;
			repositoryURL = "https://github.com/firebase/firebase-ios-sdk.git";
			requirement = {
				kind = upToNextMajorVersion;
				minimumVersion = 8.0.0;
			};
		};
/* End XCRemoteSwiftPackageReference section */

/* Begin XCSwiftPackageProductDependency section */
		320CBF74270F587E00B6D9D5 /* FirebaseAuth */ = {
			isa = XCSwiftPackageProductDependency;
			package = 320CBF73270F587E00B6D9D5 /* XCRemoteSwiftPackageReference "firebase-ios-sdk" */;
			productName = FirebaseAuth;
		};
		320CBF76270F587E00B6D9D5 /* FirebaseDatabase */ = {
			isa = XCSwiftPackageProductDependency;
			package = 320CBF73270F587E00B6D9D5 /* XCRemoteSwiftPackageReference "firebase-ios-sdk" */;
			productName = FirebaseDatabase;
		};
		320CBF78270F587E00B6D9D5 /* FirebaseDatabaseSwift-Beta */ = {
			isa = XCSwiftPackageProductDependency;
			package = 320CBF73270F587E00B6D9D5 /* XCRemoteSwiftPackageReference "firebase-ios-sdk" */;
			productName = "FirebaseDatabaseSwift-Beta";
		};
		320CBF7A270F587E00B6D9D5 /* FirebaseFirestore */ = {
			isa = XCSwiftPackageProductDependency;
			package = 320CBF73270F587E00B6D9D5 /* XCRemoteSwiftPackageReference "firebase-ios-sdk" */;
			productName = FirebaseFirestore;
		};
		320CBF7C270F587E00B6D9D5 /* FirebaseFirestoreSwift-Beta */ = {
			isa = XCSwiftPackageProductDependency;
			package = 320CBF73270F587E00B6D9D5 /* XCRemoteSwiftPackageReference "firebase-ios-sdk" */;
			productName = "FirebaseFirestoreSwift-Beta";
		};
/* End XCSwiftPackageProductDependency section */
	};
	rootObject = 320CBF58270F55FB00B6D9D5 /* Project object */;
}
